
Microsoft Visual Studio Solution File, Format Version 11.00
# Visual Studio 2010
Project("{FAE04EC0-301F-11D3-BF4B-00C04F79EFBC}") = "userAuth.cpl.Droid", "userAuth.cpl.Droid.csproj", "{A35277AD-3A71-4D6D-A660-8E03B4D1AEBA}"
EndProject
Global
	GlobalSection(SolutionConfigurationPlatforms) = preSolution
		Debug|Any CPU = Debug|Any CPU
		Release|Any CPU = Release|Any CPU
	EndGlobalSection
	GlobalSection(ProjectConfigurationPlatforms) = postSolution
		{A35277AD-3A71-4D6D-A660-8E03B4D1AEBA}.Debug|Any CPU.ActiveCfg = Debug|Any CPU
		{A35277AD-3A71-4D6D-A660-8E03B4D1AEBA}.Debug|Any CPU.Build.0 = Debug|Any CPU
		{A35277AD-3A71-4D6D-A660-8E03B4D1AEBA}.Release|Any CPU.ActiveCfg = Release|Any CPU
		{A35277AD-3A71-4D6D-A660-8E03B4D1AEBA}.Release|Any CPU.Build.0 = Release|Any CPU
	EndGlobalSection
EndGlobal
